// !$*UTF8*$!
{
	archiveVersion = 1;
	classes = {
	};
	objectVersion = 46;
	objects = {

/* Begin PBXBuildFile section */
		235EC8371A12FBC100BB50DD /* ChatViewController.m in Sources */ = {isa = PBXBuildFile; fileRef = 235EC8351A12FBC100BB50DD /* ChatViewController.m */; };
		235EC8381A12FBC100BB50DD /* ChatViewController.xib in Resources */ = {isa = PBXBuildFile; fileRef = 235EC8361A12FBC100BB50DD /* ChatViewController.xib */; };
		235EC8401A13FB5B00BB50DD /* avatar.jpg in Resources */ = {isa = PBXBuildFile; fileRef = 235EC83F1A13FB5B00BB50DD /* avatar.jpg */; };
		235EC8441A15CBFE00BB50DD /* ChatIndexViewController.m in Sources */ = {isa = PBXBuildFile; fileRef = 235EC8421A15CBFE00BB50DD /* ChatIndexViewController.m */; };
		235EC8451A15CBFE00BB50DD /* ChatIndexViewController.xib in Resources */ = {isa = PBXBuildFile; fileRef = 235EC8431A15CBFE00BB50DD /* ChatIndexViewController.xib */; };
		23997A871A16C978001AD2F7 /* ChatTableViewCell.m in Sources */ = {isa = PBXBuildFile; fileRef = 23997A851A16C978001AD2F7 /* ChatTableViewCell.m */; };
		23997A881A16C978001AD2F7 /* ChatTableViewCell.xib in Resources */ = {isa = PBXBuildFile; fileRef = 23997A861A16C978001AD2F7 /* ChatTableViewCell.xib */; };
		23997A8B1A16CF4C001AD2F7 /* Match.m in Sources */ = {isa = PBXBuildFile; fileRef = 23997A8A1A16CF4C001AD2F7 /* Match.m */; };
		6E8ABEE51A132FFD00ACE6DE /* SettingsViewController.m in Sources */ = {isa = PBXBuildFile; fileRef = 6E8ABEE31A132FFD00ACE6DE /* SettingsViewController.m */; };
		6E8ABEE61A132FFD00ACE6DE /* SettingsViewController.xib in Resources */ = {isa = PBXBuildFile; fileRef = 6E8ABEE41A132FFD00ACE6DE /* SettingsViewController.xib */; };
		9169ABF7387820F4D950778E /* libPods.a in Frameworks */ = {isa = PBXBuildFile; fileRef = 1167B42304BF41664A4C3D9E /* libPods.a */; };
		C60006EC1A14976B00420B63 /* MainViewController.m in Sources */ = {isa = PBXBuildFile; fileRef = C60006EA1A14976B00420B63 /* MainViewController.m */; };
		C60006ED1A14976B00420B63 /* MainViewController.xib in Resources */ = {isa = PBXBuildFile; fileRef = C60006EB1A14976B00420B63 /* MainViewController.xib */; };
		C65C4A501A17C8B800EEFCC4 /* SearchingForPeopleVC.m in Sources */ = {isa = PBXBuildFile; fileRef = C65C4A4E1A17C8B800EEFCC4 /* SearchingForPeopleVC.m */; };
		C65C4A511A17C8B800EEFCC4 /* SearchingForPeopleVC.xib in Resources */ = {isa = PBXBuildFile; fileRef = C65C4A4F1A17C8B800EEFCC4 /* SearchingForPeopleVC.xib */; };
		C65C4A551A17CA1E00EEFCC4 /* ShowUserVC.m in Sources */ = {isa = PBXBuildFile; fileRef = C65C4A531A17CA1E00EEFCC4 /* ShowUserVC.m */; };
		C65C4A561A17CA1E00EEFCC4 /* ShowUserVC.xib in Resources */ = {isa = PBXBuildFile; fileRef = C65C4A541A17CA1E00EEFCC4 /* ShowUserVC.xib */; };
		C65C4A5A1A19778B00EEFCC4 /* ShowMatchVC.m in Sources */ = {isa = PBXBuildFile; fileRef = C65C4A581A19778B00EEFCC4 /* ShowMatchVC.m */; };
		C65C4A5B1A19778B00EEFCC4 /* ShowMatchVC.xib in Resources */ = {isa = PBXBuildFile; fileRef = C65C4A591A19778B00EEFCC4 /* ShowMatchVC.xib */; };
		C65C4A641A19D3A800EEFCC4 /* FooBarViewController.m in Sources */ = {isa = PBXBuildFile; fileRef = C65C4A621A19D3A800EEFCC4 /* FooBarViewController.m */; };
		C65C4A651A19D3A800EEFCC4 /* FooBarViewController.xib in Resources */ = {isa = PBXBuildFile; fileRef = C65C4A631A19D3A800EEFCC4 /* FooBarViewController.xib */; };
		C6BC662D1A11B03500484AE4 /* main.m in Sources */ = {isa = PBXBuildFile; fileRef = C6BC662C1A11B03500484AE4 /* main.m */; };
		C6BC66301A11B03500484AE4 /* AppDelegate.m in Sources */ = {isa = PBXBuildFile; fileRef = C6BC662F1A11B03500484AE4 /* AppDelegate.m */; };
		C6BC66381A11B03500484AE4 /* Images.xcassets in Resources */ = {isa = PBXBuildFile; fileRef = C6BC66371A11B03500484AE4 /* Images.xcassets */; };
		C6BC663B1A11B03500484AE4 /* LaunchScreen.xib in Resources */ = {isa = PBXBuildFile; fileRef = C6BC66391A11B03500484AE4 /* LaunchScreen.xib */; };
		C6BC66471A11B03500484AE4 /* tinderTests.m in Sources */ = {isa = PBXBuildFile; fileRef = C6BC66461A11B03500484AE4 /* tinderTests.m */; };
		C6BC66531A11B09500484AE4 /* User.m in Sources */ = {isa = PBXBuildFile; fileRef = C6BC66521A11B09500484AE4 /* User.m */; };
		C6BC66561A11B0AC00484AE4 /* Message.m in Sources */ = {isa = PBXBuildFile; fileRef = C6BC66551A11B0AC00484AE4 /* Message.m */; };
		C6BC665C1A11B29500484AE4 /* Like.m in Sources */ = {isa = PBXBuildFile; fileRef = C6BC665B1A11B29500484AE4 /* Like.m */; };
		C6BC66671A11B45100484AE4 /* LoginViewController.m in Sources */ = {isa = PBXBuildFile; fileRef = C6BC66651A11B45100484AE4 /* LoginViewController.m */; };
		C6BC66681A11B45100484AE4 /* LoginViewController.xib in Resources */ = {isa = PBXBuildFile; fileRef = C6BC66661A11B45100484AE4 /* LoginViewController.xib */; };
		C6BC666F1A11B4F400484AE4 /* MatchScreenViewController.m in Sources */ = {isa = PBXBuildFile; fileRef = C6BC666D1A11B4F400484AE4 /* MatchScreenViewController.m */; };
		C6BC66701A11B4F400484AE4 /* MatchScreenViewController.xib in Resources */ = {isa = PBXBuildFile; fileRef = C6BC666E1A11B4F400484AE4 /* MatchScreenViewController.xib */; };
/* End PBXBuildFile section */

/* Begin PBXContainerItemProxy section */
		C6BC66411A11B03500484AE4 /* PBXContainerItemProxy */ = {
			isa = PBXContainerItemProxy;
			containerPortal = C6BC661F1A11B03500484AE4 /* Project object */;
			proxyType = 1;
			remoteGlobalIDString = C6BC66261A11B03500484AE4;
			remoteInfo = tinder;
		};
/* End PBXContainerItemProxy section */

/* Begin PBXFileReference section */
		1167B42304BF41664A4C3D9E /* libPods.a */ = {isa = PBXFileReference; explicitFileType = archive.ar; includeInIndex = 0; path = libPods.a; sourceTree = BUILT_PRODUCTS_DIR; };
		235EC8341A12FBC100BB50DD /* ChatViewController.h */ = {isa = PBXFileReference; fileEncoding = 4; lastKnownFileType = sourcecode.c.h; path = ChatViewController.h; sourceTree = "<group>"; };
		235EC8351A12FBC100BB50DD /* ChatViewController.m */ = {isa = PBXFileReference; fileEncoding = 4; lastKnownFileType = sourcecode.c.objc; path = ChatViewController.m; sourceTree = "<group>"; };
		235EC8361A12FBC100BB50DD /* ChatViewController.xib */ = {isa = PBXFileReference; fileEncoding = 4; lastKnownFileType = file.xib; path = ChatViewController.xib; sourceTree = "<group>"; };
		235EC83F1A13FB5B00BB50DD /* avatar.jpg */ = {isa = PBXFileReference; lastKnownFileType = image.jpeg; path = avatar.jpg; sourceTree = "<group>"; };
		235EC8411A15CBFE00BB50DD /* ChatIndexViewController.h */ = {isa = PBXFileReference; fileEncoding = 4; lastKnownFileType = sourcecode.c.h; path = ChatIndexViewController.h; sourceTree = "<group>"; };
		235EC8421A15CBFE00BB50DD /* ChatIndexViewController.m */ = {isa = PBXFileReference; fileEncoding = 4; lastKnownFileType = sourcecode.c.objc; path = ChatIndexViewController.m; sourceTree = "<group>"; };
		235EC8431A15CBFE00BB50DD /* ChatIndexViewController.xib */ = {isa = PBXFileReference; fileEncoding = 4; lastKnownFileType = file.xib; path = ChatIndexViewController.xib; sourceTree = "<group>"; };
		23997A841A16C978001AD2F7 /* ChatTableViewCell.h */ = {isa = PBXFileReference; fileEncoding = 4; lastKnownFileType = sourcecode.c.h; path = ChatTableViewCell.h; sourceTree = "<group>"; };
		23997A851A16C978001AD2F7 /* ChatTableViewCell.m */ = {isa = PBXFileReference; fileEncoding = 4; lastKnownFileType = sourcecode.c.objc; path = ChatTableViewCell.m; sourceTree = "<group>"; };
		23997A861A16C978001AD2F7 /* ChatTableViewCell.xib */ = {isa = PBXFileReference; fileEncoding = 4; lastKnownFileType = file.xib; path = ChatTableViewCell.xib; sourceTree = "<group>"; };
		23997A891A16CF4C001AD2F7 /* Match.h */ = {isa = PBXFileReference; fileEncoding = 4; lastKnownFileType = sourcecode.c.h; path = Match.h; sourceTree = "<group>"; };
		23997A8A1A16CF4C001AD2F7 /* Match.m */ = {isa = PBXFileReference; fileEncoding = 4; lastKnownFileType = sourcecode.c.objc; path = Match.m; sourceTree = "<group>"; };
		23997A921A17D95F001AD2F7 /* ViewType.h */ = {isa = PBXFileReference; lastKnownFileType = sourcecode.c.h; path = ViewType.h; sourceTree = "<group>"; };
		63C14F8723828EBD99DFC239 /* Pods.release.xcconfig */ = {isa = PBXFileReference; includeInIndex = 1; lastKnownFileType = text.xcconfig; name = Pods.release.xcconfig; path = "Pods/Target Support Files/Pods/Pods.release.xcconfig"; sourceTree = "<group>"; };
		6E8ABEE21A132FFD00ACE6DE /* SettingsViewController.h */ = {isa = PBXFileReference; fileEncoding = 4; lastKnownFileType = sourcecode.c.h; path = SettingsViewController.h; sourceTree = "<group>"; };
		6E8ABEE31A132FFD00ACE6DE /* SettingsViewController.m */ = {isa = PBXFileReference; fileEncoding = 4; lastKnownFileType = sourcecode.c.objc; path = SettingsViewController.m; sourceTree = "<group>"; };
		6E8ABEE41A132FFD00ACE6DE /* SettingsViewController.xib */ = {isa = PBXFileReference; fileEncoding = 4; lastKnownFileType = file.xib; path = SettingsViewController.xib; sourceTree = "<group>"; };
		82FF3710C0EC2B4E1B168D21 /* Pods.debug.xcconfig */ = {isa = PBXFileReference; includeInIndex = 1; lastKnownFileType = text.xcconfig; name = Pods.debug.xcconfig; path = "Pods/Target Support Files/Pods/Pods.debug.xcconfig"; sourceTree = "<group>"; };
		C60006E91A14976B00420B63 /* MainViewController.h */ = {isa = PBXFileReference; fileEncoding = 4; lastKnownFileType = sourcecode.c.h; path = MainViewController.h; sourceTree = "<group>"; };
		C60006EA1A14976B00420B63 /* MainViewController.m */ = {isa = PBXFileReference; fileEncoding = 4; lastKnownFileType = sourcecode.c.objc; path = MainViewController.m; sourceTree = "<group>"; };
		C60006EB1A14976B00420B63 /* MainViewController.xib */ = {isa = PBXFileReference; fileEncoding = 4; lastKnownFileType = file.xib; path = MainViewController.xib; sourceTree = "<group>"; };
		C65C4A4D1A17C8B800EEFCC4 /* SearchingForPeopleVC.h */ = {isa = PBXFileReference; fileEncoding = 4; lastKnownFileType = sourcecode.c.h; path = SearchingForPeopleVC.h; sourceTree = "<group>"; };
		C65C4A4E1A17C8B800EEFCC4 /* SearchingForPeopleVC.m */ = {isa = PBXFileReference; fileEncoding = 4; lastKnownFileType = sourcecode.c.objc; path = SearchingForPeopleVC.m; sourceTree = "<group>"; };
		C65C4A4F1A17C8B800EEFCC4 /* SearchingForPeopleVC.xib */ = {isa = PBXFileReference; fileEncoding = 4; lastKnownFileType = file.xib; path = SearchingForPeopleVC.xib; sourceTree = "<group>"; };
		C65C4A521A17CA1E00EEFCC4 /* ShowUserVC.h */ = {isa = PBXFileReference; fileEncoding = 4; lastKnownFileType = sourcecode.c.h; path = ShowUserVC.h; sourceTree = "<group>"; };
		C65C4A531A17CA1E00EEFCC4 /* ShowUserVC.m */ = {isa = PBXFileReference; fileEncoding = 4; lastKnownFileType = sourcecode.c.objc; path = ShowUserVC.m; sourceTree = "<group>"; };
		C65C4A541A17CA1E00EEFCC4 /* ShowUserVC.xib */ = {isa = PBXFileReference; fileEncoding = 4; lastKnownFileType = file.xib; path = ShowUserVC.xib; sourceTree = "<group>"; };
		C65C4A571A19778B00EEFCC4 /* ShowMatchVC.h */ = {isa = PBXFileReference; fileEncoding = 4; lastKnownFileType = sourcecode.c.h; path = ShowMatchVC.h; sourceTree = "<group>"; };
		C65C4A581A19778B00EEFCC4 /* ShowMatchVC.m */ = {isa = PBXFileReference; fileEncoding = 4; lastKnownFileType = sourcecode.c.objc; path = ShowMatchVC.m; sourceTree = "<group>"; };
		C65C4A591A19778B00EEFCC4 /* ShowMatchVC.xib */ = {isa = PBXFileReference; fileEncoding = 4; lastKnownFileType = file.xib; path = ShowMatchVC.xib; sourceTree = "<group>"; };
		C65C4A611A19D3A800EEFCC4 /* FooBarViewController.h */ = {isa = PBXFileReference; fileEncoding = 4; lastKnownFileType = sourcecode.c.h; path = FooBarViewController.h; sourceTree = "<group>"; };
		C65C4A621A19D3A800EEFCC4 /* FooBarViewController.m */ = {isa = PBXFileReference; fileEncoding = 4; lastKnownFileType = sourcecode.c.objc; path = FooBarViewController.m; sourceTree = "<group>"; };
		C65C4A631A19D3A800EEFCC4 /* FooBarViewController.xib */ = {isa = PBXFileReference; fileEncoding = 4; lastKnownFileType = file.xib; path = FooBarViewController.xib; sourceTree = "<group>"; };
		C6BC66271A11B03500484AE4 /* tinder.app */ = {isa = PBXFileReference; explicitFileType = wrapper.application; includeInIndex = 0; path = tinder.app; sourceTree = BUILT_PRODUCTS_DIR; };
		C6BC662B1A11B03500484AE4 /* Info.plist */ = {isa = PBXFileReference; lastKnownFileType = text.plist.xml; path = Info.plist; sourceTree = "<group>"; };
		C6BC662C1A11B03500484AE4 /* main.m */ = {isa = PBXFileReference; lastKnownFileType = sourcecode.c.objc; path = main.m; sourceTree = "<group>"; };
		C6BC662E1A11B03500484AE4 /* AppDelegate.h */ = {isa = PBXFileReference; lastKnownFileType = sourcecode.c.h; path = AppDelegate.h; sourceTree = "<group>"; };
		C6BC662F1A11B03500484AE4 /* AppDelegate.m */ = {isa = PBXFileReference; lastKnownFileType = sourcecode.c.objc; path = AppDelegate.m; sourceTree = "<group>"; };
		C6BC66371A11B03500484AE4 /* Images.xcassets */ = {isa = PBXFileReference; lastKnownFileType = folder.assetcatalog; path = Images.xcassets; sourceTree = "<group>"; };
		C6BC663A1A11B03500484AE4 /* Base */ = {isa = PBXFileReference; lastKnownFileType = file.xib; name = Base; path = Base.lproj/LaunchScreen.xib; sourceTree = "<group>"; };
		C6BC66401A11B03500484AE4 /* tinderTests.xctest */ = {isa = PBXFileReference; explicitFileType = wrapper.cfbundle; includeInIndex = 0; path = tinderTests.xctest; sourceTree = BUILT_PRODUCTS_DIR; };
		C6BC66451A11B03500484AE4 /* Info.plist */ = {isa = PBXFileReference; lastKnownFileType = text.plist.xml; path = Info.plist; sourceTree = "<group>"; };
		C6BC66461A11B03500484AE4 /* tinderTests.m */ = {isa = PBXFileReference; lastKnownFileType = sourcecode.c.objc; path = tinderTests.m; sourceTree = "<group>"; };
		C6BC66511A11B09500484AE4 /* User.h */ = {isa = PBXFileReference; fileEncoding = 4; lastKnownFileType = sourcecode.c.h; path = User.h; sourceTree = "<group>"; };
		C6BC66521A11B09500484AE4 /* User.m */ = {isa = PBXFileReference; fileEncoding = 4; lastKnownFileType = sourcecode.c.objc; path = User.m; sourceTree = "<group>"; };
		C6BC66541A11B0AC00484AE4 /* Message.h */ = {isa = PBXFileReference; fileEncoding = 4; lastKnownFileType = sourcecode.c.h; path = Message.h; sourceTree = "<group>"; };
		C6BC66551A11B0AC00484AE4 /* Message.m */ = {isa = PBXFileReference; fileEncoding = 4; lastKnownFileType = sourcecode.c.objc; path = Message.m; sourceTree = "<group>"; };
		C6BC665A1A11B29500484AE4 /* Like.h */ = {isa = PBXFileReference; fileEncoding = 4; lastKnownFileType = sourcecode.c.h; path = Like.h; sourceTree = "<group>"; };
		C6BC665B1A11B29500484AE4 /* Like.m */ = {isa = PBXFileReference; fileEncoding = 4; lastKnownFileType = sourcecode.c.objc; path = Like.m; sourceTree = "<group>"; };
		C6BC66641A11B45100484AE4 /* LoginViewController.h */ = {isa = PBXFileReference; fileEncoding = 4; lastKnownFileType = sourcecode.c.h; path = LoginViewController.h; sourceTree = "<group>"; };
		C6BC66651A11B45100484AE4 /* LoginViewController.m */ = {isa = PBXFileReference; fileEncoding = 4; lastKnownFileType = sourcecode.c.objc; path = LoginViewController.m; sourceTree = "<group>"; };
		C6BC66661A11B45100484AE4 /* LoginViewController.xib */ = {isa = PBXFileReference; fileEncoding = 4; lastKnownFileType = file.xib; path = LoginViewController.xib; sourceTree = "<group>"; };
		C6BC666C1A11B4F400484AE4 /* MatchScreenViewController.h */ = {isa = PBXFileReference; fileEncoding = 4; lastKnownFileType = sourcecode.c.h; path = MatchScreenViewController.h; sourceTree = "<group>"; };
		C6BC666D1A11B4F400484AE4 /* MatchScreenViewController.m */ = {isa = PBXFileReference; fileEncoding = 4; lastKnownFileType = sourcecode.c.objc; path = MatchScreenViewController.m; sourceTree = "<group>"; };
		C6BC666E1A11B4F400484AE4 /* MatchScreenViewController.xib */ = {isa = PBXFileReference; fileEncoding = 4; lastKnownFileType = file.xib; path = MatchScreenViewController.xib; sourceTree = "<group>"; };
/* End PBXFileReference section */

/* Begin PBXFrameworksBuildPhase section */
		C6BC66241A11B03500484AE4 /* Frameworks */ = {
			isa = PBXFrameworksBuildPhase;
			buildActionMask = 2147483647;
			files = (
				9169ABF7387820F4D950778E /* libPods.a in Frameworks */,
			);
			runOnlyForDeploymentPostprocessing = 0;
		};
		C6BC663D1A11B03500484AE4 /* Frameworks */ = {
			isa = PBXFrameworksBuildPhase;
			buildActionMask = 2147483647;
			files = (
			);
			runOnlyForDeploymentPostprocessing = 0;
		};
/* End PBXFrameworksBuildPhase section */

/* Begin PBXGroup section */
		217FDAC8D7EC4035676F8894 /* Frameworks */ = {
			isa = PBXGroup;
			children = (
				1167B42304BF41664A4C3D9E /* libPods.a */,
			);
			name = Frameworks;
			sourceTree = "<group>";
		};
		23997A911A17D534001AD2F7 /* Main */ = {
			isa = PBXGroup;
			children = (
				C60006E91A14976B00420B63 /* MainViewController.h */,
				C60006EA1A14976B00420B63 /* MainViewController.m */,
				C60006EB1A14976B00420B63 /* MainViewController.xib */,
				23997A921A17D95F001AD2F7 /* ViewType.h */,
			);
			name = Main;
			sourceTree = "<group>";
		};
		748F17A25573100F25368B16 /* Pods */ = {
			isa = PBXGroup;
			children = (
				82FF3710C0EC2B4E1B168D21 /* Pods.debug.xcconfig */,
				63C14F8723828EBD99DFC239 /* Pods.release.xcconfig */,
			);
			name = Pods;
			sourceTree = "<group>";
		};
		C6BC661E1A11B03500484AE4 = {
			isa = PBXGroup;
			children = (
				C6BC66291A11B03500484AE4 /* tinder */,
				C6BC66431A11B03500484AE4 /* tinderTests */,
				C6BC66281A11B03500484AE4 /* Products */,
				748F17A25573100F25368B16 /* Pods */,
				217FDAC8D7EC4035676F8894 /* Frameworks */,
			);
			sourceTree = "<group>";
		};
		C6BC66281A11B03500484AE4 /* Products */ = {
			isa = PBXGroup;
			children = (
				C6BC66271A11B03500484AE4 /* tinder.app */,
				C6BC66401A11B03500484AE4 /* tinderTests.xctest */,
			);
			name = Products;
			sourceTree = "<group>";
		};
		C6BC66291A11B03500484AE4 /* tinder */ = {
			isa = PBXGroup;
			children = (
				23997A911A17D534001AD2F7 /* Main */,
				C6BC666B1A11B4C400484AE4 /* Match */,
				C6BC666A1A11B48A00484AE4 /* Settings */,
				C6BC66691A11B48300484AE4 /* Chat */,
				C6BC665D1A11B2FD00484AE4 /* Login */,
				C6BC66501A11B07900484AE4 /* Models */,
				C6BC662E1A11B03500484AE4 /* AppDelegate.h */,
				C6BC662F1A11B03500484AE4 /* AppDelegate.m */,
				C6BC66371A11B03500484AE4 /* Images.xcassets */,
				C6BC66391A11B03500484AE4 /* LaunchScreen.xib */,
				C6BC662A1A11B03500484AE4 /* Supporting Files */,
			);
			path = tinder;
			sourceTree = "<group>";
		};
		C6BC662A1A11B03500484AE4 /* Supporting Files */ = {
			isa = PBXGroup;
			children = (
				235EC83F1A13FB5B00BB50DD /* avatar.jpg */,
				C6BC662B1A11B03500484AE4 /* Info.plist */,
				C6BC662C1A11B03500484AE4 /* main.m */,
			);
			name = "Supporting Files";
			sourceTree = "<group>";
		};
		C6BC66431A11B03500484AE4 /* tinderTests */ = {
			isa = PBXGroup;
			children = (
				C6BC66461A11B03500484AE4 /* tinderTests.m */,
				C6BC66441A11B03500484AE4 /* Supporting Files */,
			);
			path = tinderTests;
			sourceTree = "<group>";
		};
		C6BC66441A11B03500484AE4 /* Supporting Files */ = {
			isa = PBXGroup;
			children = (
				C6BC66451A11B03500484AE4 /* Info.plist */,
			);
			name = "Supporting Files";
			sourceTree = "<group>";
		};
		C6BC66501A11B07900484AE4 /* Models */ = {
			isa = PBXGroup;
			children = (
				C6BC66511A11B09500484AE4 /* User.h */,
				C6BC66521A11B09500484AE4 /* User.m */,
				C6BC66541A11B0AC00484AE4 /* Message.h */,
				C6BC66551A11B0AC00484AE4 /* Message.m */,
				C6BC665A1A11B29500484AE4 /* Like.h */,
				C6BC665B1A11B29500484AE4 /* Like.m */,
				23997A891A16CF4C001AD2F7 /* Match.h */,
				23997A8A1A16CF4C001AD2F7 /* Match.m */,
			);
			name = Models;
			sourceTree = "<group>";
		};
		C6BC665D1A11B2FD00484AE4 /* Login */ = {
			isa = PBXGroup;
			children = (
				C6BC66641A11B45100484AE4 /* LoginViewController.h */,
				C6BC66651A11B45100484AE4 /* LoginViewController.m */,
				C6BC66661A11B45100484AE4 /* LoginViewController.xib */,
			);
			name = Login;
			sourceTree = "<group>";
		};
		C6BC66691A11B48300484AE4 /* Chat */ = {
			isa = PBXGroup;
			children = (
				235EC8411A15CBFE00BB50DD /* ChatIndexViewController.h */,
				235EC8421A15CBFE00BB50DD /* ChatIndexViewController.m */,
				235EC8431A15CBFE00BB50DD /* ChatIndexViewController.xib */,
				23997A841A16C978001AD2F7 /* ChatTableViewCell.h */,
				23997A851A16C978001AD2F7 /* ChatTableViewCell.m */,
				23997A861A16C978001AD2F7 /* ChatTableViewCell.xib */,
				235EC8341A12FBC100BB50DD /* ChatViewController.h */,
				235EC8351A12FBC100BB50DD /* ChatViewController.m */,
				235EC8361A12FBC100BB50DD /* ChatViewController.xib */,
			);
			name = Chat;
			sourceTree = "<group>";
		};
		C6BC666A1A11B48A00484AE4 /* Settings */ = {
			isa = PBXGroup;
			children = (
				6E8ABEE21A132FFD00ACE6DE /* SettingsViewController.h */,
				6E8ABEE31A132FFD00ACE6DE /* SettingsViewController.m */,
				6E8ABEE41A132FFD00ACE6DE /* SettingsViewController.xib */,
			);
			name = Settings;
			sourceTree = "<group>";
		};
		C6BC666B1A11B4C400484AE4 /* Match */ = {
			isa = PBXGroup;
			children = (
				C6BC666C1A11B4F400484AE4 /* MatchScreenViewController.h */,
				C6BC666D1A11B4F400484AE4 /* MatchScreenViewController.m */,
				C6BC666E1A11B4F400484AE4 /* MatchScreenViewController.xib */,
				C65C4A4D1A17C8B800EEFCC4 /* SearchingForPeopleVC.h */,
				C65C4A4E1A17C8B800EEFCC4 /* SearchingForPeopleVC.m */,
				C65C4A4F1A17C8B800EEFCC4 /* SearchingForPeopleVC.xib */,
				C65C4A521A17CA1E00EEFCC4 /* ShowUserVC.h */,
				C65C4A531A17CA1E00EEFCC4 /* ShowUserVC.m */,
				C65C4A541A17CA1E00EEFCC4 /* ShowUserVC.xib */,
				C65C4A571A19778B00EEFCC4 /* ShowMatchVC.h */,
				C65C4A581A19778B00EEFCC4 /* ShowMatchVC.m */,
				C65C4A591A19778B00EEFCC4 /* ShowMatchVC.xib */,
				C65C4A611A19D3A800EEFCC4 /* FooBarViewController.h */,
				C65C4A621A19D3A800EEFCC4 /* FooBarViewController.m */,
				C65C4A631A19D3A800EEFCC4 /* FooBarViewController.xib */,
			);
			name = Match;
			sourceTree = "<group>";
		};
/* End PBXGroup section */

/* Begin PBXNativeTarget section */
		C6BC66261A11B03500484AE4 /* tinder */ = {
			isa = PBXNativeTarget;
			buildConfigurationList = C6BC664A1A11B03500484AE4 /* Build configuration list for PBXNativeTarget "tinder" */;
			buildPhases = (
				58A426D33DEC4A70A2570ABB /* Check Pods Manifest.lock */,
				C6BC66231A11B03500484AE4 /* Sources */,
				C6BC66241A11B03500484AE4 /* Frameworks */,
				C6BC66251A11B03500484AE4 /* Resources */,
				F7732D3B6CE01E59FA134141 /* Copy Pods Resources */,
			);
			buildRules = (
			);
			dependencies = (
			);
			name = tinder;
			productName = tinder;
			productReference = C6BC66271A11B03500484AE4 /* tinder.app */;
			productType = "com.apple.product-type.application";
		};
		C6BC663F1A11B03500484AE4 /* tinderTests */ = {
			isa = PBXNativeTarget;
			buildConfigurationList = C6BC664D1A11B03500484AE4 /* Build configuration list for PBXNativeTarget "tinderTests" */;
			buildPhases = (
				C6BC663C1A11B03500484AE4 /* Sources */,
				C6BC663D1A11B03500484AE4 /* Frameworks */,
				C6BC663E1A11B03500484AE4 /* Resources */,
			);
			buildRules = (
			);
			dependencies = (
				C6BC66421A11B03500484AE4 /* PBXTargetDependency */,
			);
			name = tinderTests;
			productName = tinderTests;
			productReference = C6BC66401A11B03500484AE4 /* tinderTests.xctest */;
			productType = "com.apple.product-type.bundle.unit-test";
		};
/* End PBXNativeTarget section */

/* Begin PBXProject section */
		C6BC661F1A11B03500484AE4 /* Project object */ = {
			isa = PBXProject;
			attributes = {
				LastUpgradeCheck = 0600;
				ORGANIZATIONNAME = "Foo Bar";
				TargetAttributes = {
					C6BC66261A11B03500484AE4 = {
						CreatedOnToolsVersion = 6.0.1;
						DevelopmentTeam = EUPPNM2WEJ;
					};
					C6BC663F1A11B03500484AE4 = {
						CreatedOnToolsVersion = 6.0.1;
						TestTargetID = C6BC66261A11B03500484AE4;
					};
				};
			};
			buildConfigurationList = C6BC66221A11B03500484AE4 /* Build configuration list for PBXProject "tinder" */;
			compatibilityVersion = "Xcode 3.2";
			developmentRegion = English;
			hasScannedForEncodings = 0;
			knownRegions = (
				en,
				Base,
			);
			mainGroup = C6BC661E1A11B03500484AE4;
			productRefGroup = C6BC66281A11B03500484AE4 /* Products */;
			projectDirPath = "";
			projectRoot = "";
			targets = (
				C6BC66261A11B03500484AE4 /* tinder */,
				C6BC663F1A11B03500484AE4 /* tinderTests */,
			);
		};
/* End PBXProject section */

/* Begin PBXResourcesBuildPhase section */
		C6BC66251A11B03500484AE4 /* Resources */ = {
			isa = PBXResourcesBuildPhase;
			buildActionMask = 2147483647;
			files = (
				C6BC663B1A11B03500484AE4 /* LaunchScreen.xib in Resources */,
				C65C4A511A17C8B800EEFCC4 /* SearchingForPeopleVC.xib in Resources */,
				C60006ED1A14976B00420B63 /* MainViewController.xib in Resources */,
				6E8ABEE61A132FFD00ACE6DE /* SettingsViewController.xib in Resources */,
				C6BC66381A11B03500484AE4 /* Images.xcassets in Resources */,
				235EC8451A15CBFE00BB50DD /* ChatIndexViewController.xib in Resources */,
				C65C4A561A17CA1E00EEFCC4 /* ShowUserVC.xib in Resources */,
				235EC8401A13FB5B00BB50DD /* avatar.jpg in Resources */,
				C6BC66701A11B4F400484AE4 /* MatchScreenViewController.xib in Resources */,
				C65C4A651A19D3A800EEFCC4 /* FooBarViewController.xib in Resources */,
				23997A881A16C978001AD2F7 /* ChatTableViewCell.xib in Resources */,
				235EC8381A12FBC100BB50DD /* ChatViewController.xib in Resources */,
				C65C4A5B1A19778B00EEFCC4 /* ShowMatchVC.xib in Resources */,
				C6BC66681A11B45100484AE4 /* LoginViewController.xib in Resources */,
			);
			runOnlyForDeploymentPostprocessing = 0;
		};
		C6BC663E1A11B03500484AE4 /* Resources */ = {
			isa = PBXResourcesBuildPhase;
			buildActionMask = 2147483647;
			files = (
			);
			runOnlyForDeploymentPostprocessing = 0;
		};
/* End PBXResourcesBuildPhase section */

/* Begin PBXShellScriptBuildPhase section */
		58A426D33DEC4A70A2570ABB /* Check Pods Manifest.lock */ = {
			isa = PBXShellScriptBuildPhase;
			buildActionMask = 2147483647;
			files = (
			);
			inputPaths = (
			);
			name = "Check Pods Manifest.lock";
			outputPaths = (
			);
			runOnlyForDeploymentPostprocessing = 0;
			shellPath = /bin/sh;
			shellScript = "diff \"${PODS_ROOT}/../Podfile.lock\" \"${PODS_ROOT}/Manifest.lock\" > /dev/null\nif [[ $? != 0 ]] ; then\n    cat << EOM\nerror: The sandbox is not in sync with the Podfile.lock. Run 'pod install' or update your CocoaPods installation.\nEOM\n    exit 1\nfi\n";
			showEnvVarsInLog = 0;
		};
		F7732D3B6CE01E59FA134141 /* Copy Pods Resources */ = {
			isa = PBXShellScriptBuildPhase;
			buildActionMask = 2147483647;
			files = (
			);
			inputPaths = (
			);
			name = "Copy Pods Resources";
			outputPaths = (
			);
			runOnlyForDeploymentPostprocessing = 0;
			shellPath = /bin/sh;
			shellScript = "\"${SRCROOT}/Pods/Target Support Files/Pods/Pods-resources.sh\"\n";
			showEnvVarsInLog = 0;
		};
/* End PBXShellScriptBuildPhase section */

/* Begin PBXSourcesBuildPhase section */
		C6BC66231A11B03500484AE4 /* Sources */ = {
			isa = PBXSourcesBuildPhase;
			buildActionMask = 2147483647;
			files = (
				C65C4A551A17CA1E00EEFCC4 /* ShowUserVC.m in Sources */,
				C6BC66531A11B09500484AE4 /* User.m in Sources */,
				23997A8B1A16CF4C001AD2F7 /* Match.m in Sources */,
				235EC8441A15CBFE00BB50DD /* ChatIndexViewController.m in Sources */,
				C6BC66561A11B0AC00484AE4 /* Message.m in Sources */,
				C6BC66671A11B45100484AE4 /* LoginViewController.m in Sources */,
				6E8ABEE51A132FFD00ACE6DE /* SettingsViewController.m in Sources */,
				C6BC66301A11B03500484AE4 /* AppDelegate.m in Sources */,
				23997A871A16C978001AD2F7 /* ChatTableViewCell.m in Sources */,
				C60006EC1A14976B00420B63 /* MainViewController.m in Sources */,
				C65C4A501A17C8B800EEFCC4 /* SearchingForPeopleVC.m in Sources */,
				C6BC665C1A11B29500484AE4 /* Like.m in Sources */,
				C6BC662D1A11B03500484AE4 /* main.m in Sources */,
				235EC8371A12FBC100BB50DD /* ChatViewController.m in Sources */,
				C65C4A641A19D3A800EEFCC4 /* FooBarViewController.m in Sources */,
				C6BC666F1A11B4F400484AE4 /* MatchScreenViewController.m in Sources */,
				C65C4A5A1A19778B00EEFCC4 /* ShowMatchVC.m in Sources */,
			);
			runOnlyForDeploymentPostprocessing = 0;
		};
		C6BC663C1A11B03500484AE4 /* Sources */ = {
			isa = PBXSourcesBuildPhase;
			buildActionMask = 2147483647;
			files = (
				C6BC66471A11B03500484AE4 /* tinderTests.m in Sources */,
			);
			runOnlyForDeploymentPostprocessing = 0;
		};
/* End PBXSourcesBuildPhase section */

/* Begin PBXTargetDependency section */
		C6BC66421A11B03500484AE4 /* PBXTargetDependency */ = {
			isa = PBXTargetDependency;
			target = C6BC66261A11B03500484AE4 /* tinder */;
			targetProxy = C6BC66411A11B03500484AE4 /* PBXContainerItemProxy */;
		};
/* End PBXTargetDependency section */

/* Begin PBXVariantGroup section */
		C6BC66391A11B03500484AE4 /* LaunchScreen.xib */ = {
			isa = PBXVariantGroup;
			children = (
				C6BC663A1A11B03500484AE4 /* Base */,
			);
			name = LaunchScreen.xib;
			sourceTree = "<group>";
		};
/* End PBXVariantGroup section */

/* Begin XCBuildConfiguration section */
		C6BC66481A11B03500484AE4 /* Debug */ = {
			isa = XCBuildConfiguration;
			buildSettings = {
				ALWAYS_SEARCH_USER_PATHS = NO;
				CLANG_CXX_LANGUAGE_STANDARD = "gnu++0x";
				CLANG_CXX_LIBRARY = "libc++";
				CLANG_ENABLE_MODULES = YES;
				CLANG_ENABLE_OBJC_ARC = YES;
				CLANG_WARN_BOOL_CONVERSION = YES;
				CLANG_WARN_CONSTANT_CONVERSION = YES;
				CLANG_WARN_DIRECT_OBJC_ISA_USAGE = YES_ERROR;
				CLANG_WARN_EMPTY_BODY = YES;
				CLANG_WARN_ENUM_CONVERSION = YES;
				CLANG_WARN_INT_CONVERSION = YES;
				CLANG_WARN_OBJC_ROOT_CLASS = YES_ERROR;
				CLANG_WARN_UNREACHABLE_CODE = YES;
				CLANG_WARN__DUPLICATE_METHOD_MATCH = YES;
				"CODE_SIGN_IDENTITY[sdk=iphoneos*]" = "iPhone Developer";
				COPY_PHASE_STRIP = NO;
				ENABLE_STRICT_OBJC_MSGSEND = YES;
				GCC_C_LANGUAGE_STANDARD = gnu99;
				GCC_DYNAMIC_NO_PIC = NO;
				GCC_OPTIMIZATION_LEVEL = 0;
				GCC_PREPROCESSOR_DEFINITIONS = (
					"DEBUG=1",
					"$(inherited)",
				);
				GCC_SYMBOLS_PRIVATE_EXTERN = NO;
				GCC_WARN_64_TO_32_BIT_CONVERSION = YES;
				GCC_WARN_ABOUT_RETURN_TYPE = YES_ERROR;
				GCC_WARN_UNDECLARED_SELECTOR = YES;
				GCC_WARN_UNINITIALIZED_AUTOS = YES_AGGRESSIVE;
				GCC_WARN_UNUSED_FUNCTION = YES;
				GCC_WARN_UNUSED_VARIABLE = YES;
				IPHONEOS_DEPLOYMENT_TARGET = 8.0;
				MTL_ENABLE_DEBUG_INFO = YES;
				ONLY_ACTIVE_ARCH = YES;
				SDKROOT = iphoneos;
			};
			name = Debug;
		};
		C6BC66491A11B03500484AE4 /* Release */ = {
			isa = XCBuildConfiguration;
			buildSettings = {
				ALWAYS_SEARCH_USER_PATHS = NO;
				CLANG_CXX_LANGUAGE_STANDARD = "gnu++0x";
				CLANG_CXX_LIBRARY = "libc++";
				CLANG_ENABLE_MODULES = YES;
				CLANG_ENABLE_OBJC_ARC = YES;
				CLANG_WARN_BOOL_CONVERSION = YES;
				CLANG_WARN_CONSTANT_CONVERSION = YES;
				CLANG_WARN_DIRECT_OBJC_ISA_USAGE = YES_ERROR;
				CLANG_WARN_EMPTY_BODY = YES;
				CLANG_WARN_ENUM_CONVERSION = YES;
				CLANG_WARN_INT_CONVERSION = YES;
				CLANG_WARN_OBJC_ROOT_CLASS = YES_ERROR;
				CLANG_WARN_UNREACHABLE_CODE = YES;
				CLANG_WARN__DUPLICATE_METHOD_MATCH = YES;
				"CODE_SIGN_IDENTITY[sdk=iphoneos*]" = "iPhone Developer";
				COPY_PHASE_STRIP = YES;
				ENABLE_NS_ASSERTIONS = NO;
				ENABLE_STRICT_OBJC_MSGSEND = YES;
				GCC_C_LANGUAGE_STANDARD = gnu99;
				GCC_WARN_64_TO_32_BIT_CONVERSION = YES;
				GCC_WARN_ABOUT_RETURN_TYPE = YES_ERROR;
				GCC_WARN_UNDECLARED_SELECTOR = YES;
				GCC_WARN_UNINITIALIZED_AUTOS = YES_AGGRESSIVE;
				GCC_WARN_UNUSED_FUNCTION = YES;
				GCC_WARN_UNUSED_VARIABLE = YES;
				IPHONEOS_DEPLOYMENT_TARGET = 8.0;
				MTL_ENABLE_DEBUG_INFO = NO;
				SDKROOT = iphoneos;
				VALIDATE_PRODUCT = YES;
			};
			name = Release;
		};
		C6BC664B1A11B03500484AE4 /* Debug */ = {
			isa = XCBuildConfiguration;
			baseConfigurationReference = 82FF3710C0EC2B4E1B168D21 /* Pods.debug.xcconfig */;
			buildSettings = {
				ASSETCATALOG_COMPILER_APPICON_NAME = AppIcon;
				CODE_SIGN_IDENTITY = "iPhone Developer";
				"CODE_SIGN_IDENTITY[sdk=iphoneos*]" = "iPhone Developer";
				INFOPLIST_FILE = tinder/Info.plist;
				IPHONEOS_DEPLOYMENT_TARGET = 8.0;
				LD_RUNPATH_SEARCH_PATHS = "$(inherited) @executable_path/Frameworks";
				PRODUCT_NAME = "$(TARGET_NAME)";
				PROVISIONING_PROFILE = "";
			};
			name = Debug;
		};
		C6BC664C1A11B03500484AE4 /* Release */ = {
			isa = XCBuildConfiguration;
			baseConfigurationReference = 63C14F8723828EBD99DFC239 /* Pods.release.xcconfig */;
			buildSettings = {
				ASSETCATALOG_COMPILER_APPICON_NAME = AppIcon;
				CODE_SIGN_IDENTITY = "iPhone Developer";
				"CODE_SIGN_IDENTITY[sdk=iphoneos*]" = "iPhone Developer";
				INFOPLIST_FILE = tinder/Info.plist;
				IPHONEOS_DEPLOYMENT_TARGET = 8.0;
				LD_RUNPATH_SEARCH_PATHS = "$(inherited) @executable_path/Frameworks";
				PRODUCT_NAME = "$(TARGET_NAME)";
				PROVISIONING_PROFILE = "";
			};
			name = Release;
		};
		C6BC664E1A11B03500484AE4 /* Debug */ = {
			isa = XCBuildConfiguration;
			buildSettings = {
				BUNDLE_LOADER = "$(TEST_HOST)";
				FRAMEWORK_SEARCH_PATHS = (
					"$(SDKROOT)/Developer/Library/Frameworks",
					"$(inherited)",
				);
				GCC_PREPROCESSOR_DEFINITIONS = (
					"DEBUG=1",
					"$(inherited)",
				);
				INFOPLIST_FILE = tinderTests/Info.plist;
				LD_RUNPATH_SEARCH_PATHS = "$(inherited) @executable_path/Frameworks @loader_path/Frameworks";
				PRODUCT_NAME = "$(TARGET_NAME)";
				TEST_HOST = "$(BUILT_PRODUCTS_DIR)/tinder.app/tinder";
			};
			name = Debug;
		};
		C6BC664F1A11B03500484AE4 /* Release */ = {
			isa = XCBuildConfiguration;
			buildSettings = {
				BUNDLE_LOADER = "$(TEST_HOST)";
				FRAMEWORK_SEARCH_PATHS = (
					"$(SDKROOT)/Developer/Library/Frameworks",
					"$(inherited)",
				);
				INFOPLIST_FILE = tinderTests/Info.plist;
				LD_RUNPATH_SEARCH_PATHS = "$(inherited) @executable_path/Frameworks @loader_path/Frameworks";
				PRODUCT_NAME = "$(TARGET_NAME)";
				TEST_HOST = "$(BUILT_PRODUCTS_DIR)/tinder.app/tinder";
			};
			name = Release;
		};
/* End XCBuildConfiguration section */

/* Begin XCConfigurationList section */
		C6BC66221A11B03500484AE4 /* Build configuration list for PBXProject "tinder" */ = {
			isa = XCConfigurationList;
			buildConfigurations = (
				C6BC66481A11B03500484AE4 /* Debug */,
				C6BC66491A11B03500484AE4 /* Release */,
			);
			defaultConfigurationIsVisible = 0;
			defaultConfigurationName = Release;
		};
		C6BC664A1A11B03500484AE4 /* Build configuration list for PBXNativeTarget "tinder" */ = {
			isa = XCConfigurationList;
			buildConfigurations = (
				C6BC664B1A11B03500484AE4 /* Debug */,
				C6BC664C1A11B03500484AE4 /* Release */,
			);
			defaultConfigurationIsVisible = 0;
			defaultConfigurationName = Release;
		};
		C6BC664D1A11B03500484AE4 /* Build configuration list for PBXNativeTarget "tinderTests" */ = {
			isa = XCConfigurationList;
			buildConfigurations = (
				C6BC664E1A11B03500484AE4 /* Debug */,
				C6BC664F1A11B03500484AE4 /* Release */,
			);
			defaultConfigurationIsVisible = 0;
			defaultConfigurationName = Release;
		};
/* End XCConfigurationList section */
	};
	rootObject = C6BC661F1A11B03500484AE4 /* Project object */;
}
